
Microsoft Visual Studio Solution File, Format Version 12.00
# Visual Studio Version 17
VisualStudioVersion = 17.10.34928.147
MinimumVisualStudioVersion = 10.0.40219.1
Project("{FAE04EC0-301F-11D3-BF4B-00C04F79EFBC}") = "BasitGirisİslemi", "BasitGirisİslemi\BasitGirisİslemi.csproj", "{8FE28273-1213-46A7-8AC9-77524E8604A0}"
EndProject
Global
	GlobalSection(SolutionConfigurationPlatforms) = preSolution
		Debug|Any CPU = Debug|Any CPU
		Release|Any CPU = Release|Any CPU
	EndGlobalSection
	GlobalSection(ProjectConfigurationPlatforms) = postSolution
		{8FE28273-1213-46A7-8AC9-77524E8604A0}.Debug|Any CPU.ActiveCfg = Debug|Any CPU
		{8FE28273-1213-46A7-8AC9-77524E8604A0}.Debug|Any CPU.Build.0 = Debug|Any CPU
		{8FE28273-1213-46A7-8AC9-77524E8604A0}.Release|Any CPU.ActiveCfg = Release|Any CPU
		{8FE28273-1213-46A7-8AC9-77524E8604A0}.Release|Any CPU.Build.0 = Release|Any CPU
	EndGlobalSection
	GlobalSection(SolutionProperties) = preSolution
		HideSolutionNode = FALSE
	EndGlobalSection
	GlobalSection(ExtensibilityGlobals) = postSolution
		SolutionGuid = {5656AC1C-95B2-4C50-87D2-E9A236658438}
	EndGlobalSection
EndGlobal
