
Microsoft Visual Studio Solution File, Format Version 12.00
# Visual Studio Version 17
VisualStudioVersion = 17.10.34928.147
MinimumVisualStudioVersion = 10.0.40219.1
Project("{FAE04EC0-301F-11D3-BF4B-00C04F79EFBC}") = "WebApplication1", "WebApplication1\WebApplication1.csproj", "{2A6FEBFC-26EE-45B0-9524-18BB53A584BD}"
EndProject
Global
	GlobalSection(SolutionConfigurationPlatforms) = preSolution
		Debug|Any CPU = Debug|Any CPU
		Release|Any CPU = Release|Any CPU
	EndGlobalSection
	GlobalSection(ProjectConfigurationPlatforms) = postSolution
		{2A6FEBFC-26EE-45B0-9524-18BB53A584BD}.Debug|Any CPU.ActiveCfg = Debug|Any CPU
		{2A6FEBFC-26EE-45B0-9524-18BB53A584BD}.Debug|Any CPU.Build.0 = Debug|Any CPU
		{2A6FEBFC-26EE-45B0-9524-18BB53A584BD}.Release|Any CPU.ActiveCfg = Release|Any CPU
		{2A6FEBFC-26EE-45B0-9524-18BB53A584BD}.Release|Any CPU.Build.0 = Release|Any CPU
	EndGlobalSection
	GlobalSection(SolutionProperties) = preSolution
		HideSolutionNode = FALSE
	EndGlobalSection
	GlobalSection(ExtensibilityGlobals) = postSolution
		SolutionGuid = {0F39A7D2-2460-47BB-AC3D-4D95984873B7}
	EndGlobalSection
EndGlobal
