
Microsoft Visual Studio Solution File, Format Version 12.00
# Visual Studio Version 17
VisualStudioVersion = 17.10.34928.147
MinimumVisualStudioVersion = 10.0.40219.1
Project("{FAE04EC0-301F-11D3-BF4B-00C04F79EFBC}") = "DoWhile", "DoWhile\DoWhile.csproj", "{DCB1EE7D-DA57-4BDA-B268-901DB14BE34C}"
EndProject
Global
	GlobalSection(SolutionConfigurationPlatforms) = preSolution
		Debug|Any CPU = Debug|Any CPU
		Release|Any CPU = Release|Any CPU
	EndGlobalSection
	GlobalSection(ProjectConfigurationPlatforms) = postSolution
		{DCB1EE7D-DA57-4BDA-B268-901DB14BE34C}.Debug|Any CPU.ActiveCfg = Debug|Any CPU
		{DCB1EE7D-DA57-4BDA-B268-901DB14BE34C}.Debug|Any CPU.Build.0 = Debug|Any CPU
		{DCB1EE7D-DA57-4BDA-B268-901DB14BE34C}.Release|Any CPU.ActiveCfg = Release|Any CPU
		{DCB1EE7D-DA57-4BDA-B268-901DB14BE34C}.Release|Any CPU.Build.0 = Release|Any CPU
	EndGlobalSection
	GlobalSection(SolutionProperties) = preSolution
		HideSolutionNode = FALSE
	EndGlobalSection
	GlobalSection(ExtensibilityGlobals) = postSolution
		SolutionGuid = {221C3006-2B80-499D-B781-6815AD5CC099}
	EndGlobalSection
EndGlobal
