
Microsoft Visual Studio Solution File, Format Version 12.00
# Visual Studio Version 17
VisualStudioVersion = 17.10.34928.147
MinimumVisualStudioVersion = 10.0.40219.1
Project("{FAE04EC0-301F-11D3-BF4B-00C04F79EFBC}") = "EntityFrameWork", "EntityFrameWork\EntityFrameWork.csproj", "{859F4590-2B56-4B14-9EF8-5D992000AEBD}"
EndProject
Global
	GlobalSection(SolutionConfigurationPlatforms) = preSolution
		Debug|Any CPU = Debug|Any CPU
		Release|Any CPU = Release|Any CPU
	EndGlobalSection
	GlobalSection(ProjectConfigurationPlatforms) = postSolution
		{859F4590-2B56-4B14-9EF8-5D992000AEBD}.Debug|Any CPU.ActiveCfg = Debug|Any CPU
		{859F4590-2B56-4B14-9EF8-5D992000AEBD}.Debug|Any CPU.Build.0 = Debug|Any CPU
		{859F4590-2B56-4B14-9EF8-5D992000AEBD}.Release|Any CPU.ActiveCfg = Release|Any CPU
		{859F4590-2B56-4B14-9EF8-5D992000AEBD}.Release|Any CPU.Build.0 = Release|Any CPU
	EndGlobalSection
	GlobalSection(SolutionProperties) = preSolution
		HideSolutionNode = FALSE
	EndGlobalSection
	GlobalSection(ExtensibilityGlobals) = postSolution
		SolutionGuid = {CBA33EF2-FB15-49F7-866E-EFEC6DBF9E6C}
	EndGlobalSection
EndGlobal
