
Microsoft Visual Studio Solution File, Format Version 12.00
# Visual Studio Version 17
VisualStudioVersion = 17.10.34928.147
MinimumVisualStudioVersion = 10.0.40219.1
Project("{FAE04EC0-301F-11D3-BF4B-00C04F79EFBC}") = "C# Basit Algoritma soru cozumleri", "C# Basit Algoritma soru cozumleri\C# Basit Algoritma soru cozumleri.csproj", "{BFAF0E57-058B-45E1-8263-D36868573A6E}"
EndProject
Global
	GlobalSection(SolutionConfigurationPlatforms) = preSolution
		Debug|Any CPU = Debug|Any CPU
		Release|Any CPU = Release|Any CPU
	EndGlobalSection
	GlobalSection(ProjectConfigurationPlatforms) = postSolution
		{BFAF0E57-058B-45E1-8263-D36868573A6E}.Debug|Any CPU.ActiveCfg = Debug|Any CPU
		{BFAF0E57-058B-45E1-8263-D36868573A6E}.Debug|Any CPU.Build.0 = Debug|Any CPU
		{BFAF0E57-058B-45E1-8263-D36868573A6E}.Release|Any CPU.ActiveCfg = Release|Any CPU
		{BFAF0E57-058B-45E1-8263-D36868573A6E}.Release|Any CPU.Build.0 = Release|Any CPU
	EndGlobalSection
	GlobalSection(SolutionProperties) = preSolution
		HideSolutionNode = FALSE
	EndGlobalSection
	GlobalSection(ExtensibilityGlobals) = postSolution
		SolutionGuid = {FAD2E472-BB06-4C16-B0DB-8D89BD6541F0}
	EndGlobalSection
EndGlobal
