
Microsoft Visual Studio Solution File, Format Version 12.00
# Visual Studio Version 17
VisualStudioVersion = 17.10.34928.147
MinimumVisualStudioVersion = 10.0.40219.1
Project("{FAE04EC0-301F-11D3-BF4B-00C04F79EFBC}") = "Deneme", "Deneme\Deneme.csproj", "{DD8CB3F6-05D4-4631-8004-66AD55C04B8D}"
EndProject
Global
	GlobalSection(SolutionConfigurationPlatforms) = preSolution
		Debug|Any CPU = Debug|Any CPU
		Release|Any CPU = Release|Any CPU
	EndGlobalSection
	GlobalSection(ProjectConfigurationPlatforms) = postSolution
		{DD8CB3F6-05D4-4631-8004-66AD55C04B8D}.Debug|Any CPU.ActiveCfg = Debug|Any CPU
		{DD8CB3F6-05D4-4631-8004-66AD55C04B8D}.Debug|Any CPU.Build.0 = Debug|Any CPU
		{DD8CB3F6-05D4-4631-8004-66AD55C04B8D}.Release|Any CPU.ActiveCfg = Release|Any CPU
		{DD8CB3F6-05D4-4631-8004-66AD55C04B8D}.Release|Any CPU.Build.0 = Release|Any CPU
	EndGlobalSection
	GlobalSection(SolutionProperties) = preSolution
		HideSolutionNode = FALSE
	EndGlobalSection
	GlobalSection(ExtensibilityGlobals) = postSolution
		SolutionGuid = {4DCCBF36-334D-40D9-893F-27A912F84E2C}
	EndGlobalSection
EndGlobal
